
Microsoft Visual Studio Solution File, Format Version 12.00
# Visual Studio Version 17
VisualStudioVersion = 17.8.34330.188
MinimumVisualStudioVersion = 16.0.0.0
Project("{9A19103F-16F7-4668-BE54-9A1E7A4F7556}") = "Stride.DependencyInjection", "Stride.DependencyInjection\Stride.DependencyInjection.csproj", "{994AEA43-8958-4308-972E-8C8E9BC74738}"
EndProject
Project("{9A19103F-16F7-4668-BE54-9A1E7A4F7556}") = "Stride.DependencyInjection.Demo", "Stride.DependencyInjection.Demo\Stride.DependencyInjection.Demo.csproj", "{29F98FB3-FC9B-4943-9AC2-EA4EA8C56ABB}"
EndProject
Project("{9A19103F-16F7-4668-BE54-9A1E7A4F7556}") = "Stride.DependencyInjection.Demo.Windows", "Stride.DependencyInjection.Demo.Windows\Stride.DependencyInjection.Demo.Windows.csproj", "{0D6D3864-6F50-45EF-A052-DA99221A4D3D}"
EndProject
Global
	GlobalSection(SolutionConfigurationPlatforms) = preSolution
		Debug|Any CPU = Debug|Any CPU
		Release|Any CPU = Release|Any CPU
	EndGlobalSection
	GlobalSection(ProjectConfigurationPlatforms) = postSolution
		{994AEA43-8958-4308-972E-8C8E9BC74738}.Debug|Any CPU.ActiveCfg = Debug|Any CPU
		{994AEA43-8958-4308-972E-8C8E9BC74738}.Debug|Any CPU.Build.0 = Debug|Any CPU
		{994AEA43-8958-4308-972E-8C8E9BC74738}.Release|Any CPU.ActiveCfg = Release|Any CPU
		{994AEA43-8958-4308-972E-8C8E9BC74738}.Release|Any CPU.Build.0 = Release|Any CPU
		{29F98FB3-FC9B-4943-9AC2-EA4EA8C56ABB}.Debug|Any CPU.ActiveCfg = Debug|Any CPU
		{29F98FB3-FC9B-4943-9AC2-EA4EA8C56ABB}.Debug|Any CPU.Build.0 = Debug|Any CPU
		{29F98FB3-FC9B-4943-9AC2-EA4EA8C56ABB}.Release|Any CPU.ActiveCfg = Release|Any CPU
		{29F98FB3-FC9B-4943-9AC2-EA4EA8C56ABB}.Release|Any CPU.Build.0 = Release|Any CPU
		{0D6D3864-6F50-45EF-A052-DA99221A4D3D}.Debug|Any CPU.ActiveCfg = Debug|Any CPU
		{0D6D3864-6F50-45EF-A052-DA99221A4D3D}.Debug|Any CPU.Build.0 = Debug|Any CPU
		{0D6D3864-6F50-45EF-A052-DA99221A4D3D}.Release|Any CPU.ActiveCfg = Release|Any CPU
		{0D6D3864-6F50-45EF-A052-DA99221A4D3D}.Release|Any CPU.Build.0 = Release|Any CPU
	EndGlobalSection
	GlobalSection(SolutionProperties) = preSolution
		HideSolutionNode = FALSE
	EndGlobalSection
	GlobalSection(ExtensibilityGlobals) = postSolution
		SolutionGuid = {59F9258E-711C-462E-8270-D4EA162A19B2}
	EndGlobalSection
EndGlobal
