
Microsoft Visual Studio Solution File, Format Version 12.00
# Visual Studio Version 17
VisualStudioVersion = 17.8.34330.188
MinimumVisualStudioVersion = 10.0.40219.1
Project("{FAE04EC0-301F-11D3-BF4B-00C04F79EFBC}") = "Stride.DepInjection", "Stride.DepInjection\Stride.DepInjection.csproj", "{D34B9087-C1E5-4E3B-BAFA-CB0CABB62F49}"
EndProject
Global
	GlobalSection(SolutionConfigurationPlatforms) = preSolution
		Debug|Any CPU = Debug|Any CPU
		Release|Any CPU = Release|Any CPU
	EndGlobalSection
	GlobalSection(ProjectConfigurationPlatforms) = postSolution
		{D34B9087-C1E5-4E3B-BAFA-CB0CABB62F49}.Debug|Any CPU.ActiveCfg = Debug|Any CPU
		{D34B9087-C1E5-4E3B-BAFA-CB0CABB62F49}.Debug|Any CPU.Build.0 = Debug|Any CPU
		{D34B9087-C1E5-4E3B-BAFA-CB0CABB62F49}.Release|Any CPU.ActiveCfg = Release|Any CPU
		{D34B9087-C1E5-4E3B-BAFA-CB0CABB62F49}.Release|Any CPU.Build.0 = Release|Any CPU
	EndGlobalSection
	GlobalSection(SolutionProperties) = preSolution
		HideSolutionNode = FALSE
	EndGlobalSection
	GlobalSection(ExtensibilityGlobals) = postSolution
		SolutionGuid = {C0C1C592-BA91-4268-B502-32DD182AC691}
	EndGlobalSection
EndGlobal
